Microsoft Visual Studio Solution File, Format Version 12.00
# Visual Studio 2013
VisualStudioVersion = 12.0.40629.0
MinimumVisualStudioVersion = 10.0.40219.1
Project("{FAE04EC0-301F-11D3-BF4B-00C04F79EFBC}") = "OpenPop", "OpenPop\OpenPop.csproj", "{75B3E0DF-61C3-4643-AB47-DBE1CFE3D303}"
EndProject
Project("{FAE04EC0-301F-11D3-BF4B-00C04F79EFBC}") = "DTO", "DTO\DTO.csproj", "{C152BA21-5992-4BF1-ACA3-FCCC80D5FD52}"
EndProject
Project("{FAE04EC0-301F-11D3-BF4B-00C04F79EFBC}") = "Persistencia", "Persistencia\Persistencia.csproj", "{3F44DFAC-628C-4614-A3B5-F3AEFF3D5A66}"
EndProject
Project("{FAE04EC0-301F-11D3-BF4B-00C04F79EFBC}") = "TestEnvioMail", "TestEnvioMail\TestEnvioMail.csproj", "{70BDC18F-8707-42B2-A828-A804838CF467}"
EndProject
Project("{FAE04EC0-301F-11D3-BF4B-00C04F79EFBC}") = "Controladores", "Controladores\Controladores.csproj", "{2425A2FA-251E-40EB-BEE7-E38E962C33D3}"
EndProject
Project("{FAE04EC0-301F-11D3-BF4B-00C04F79EFBC}") = "ServiciosCorreo", "ServiciosCorreo\ServiciosCorreo.csproj", "{CC467136-D983-4755-85B8-E736BAA7A98B}"
EndProject
Project("{FAE04EC0-301F-11D3-BF4B-00C04F79EFBC}") = "GUI", "GUI\GUI.csproj", "{86F15CD7-3F31-4E11-B19A-E6027E9BEBBB}"
EndProject
Project("{FAE04EC0-301F-11D3-BF4B-00C04F79EFBC}") = "Exportadores", "Exportadores\Exportadores.csproj", "{B33211F0-018B-4344-9882-6F239791B135}"
EndProject
Global
	GlobalSection(SolutionConfigurationPlatforms) = preSolution
		CD_ROM|Any CPU = CD_ROM|Any CPU
		CD_ROM|Mixed Platforms = CD_ROM|Mixed Platforms
		CD_ROM|x86 = CD_ROM|x86
		Debug|Any CPU = Debug|Any CPU
		Debug|Mixed Platforms = Debug|Mixed Platforms
		Debug|x86 = Debug|x86
		DVD-5|Any CPU = DVD-5|Any CPU
		DVD-5|Mixed Platforms = DVD-5|Mixed Platforms
		DVD-5|x86 = DVD-5|x86
		Release|Any CPU = Release|Any CPU
		Release|Mixed Platforms = Release|Mixed Platforms
		Release|x86 = Release|x86
		SingleImage|Any CPU = SingleImage|Any CPU
		SingleImage|Mixed Platforms = SingleImage|Mixed Platforms
		SingleImage|x86 = SingleImage|x86
	EndGlobalSection
	GlobalSection(ProjectConfigurationPlatforms) = postSolution
		{75B3E0DF-61C3-4643-AB47-DBE1CFE3D303}.CD_ROM|Any CPU.ActiveCfg = Release|Any CPU
		{75B3E0DF-61C3-4643-AB47-DBE1CFE3D303}.CD_ROM|Any CPU.Build.0 = Release|Any CPU
		{75B3E0DF-61C3-4643-AB47-DBE1CFE3D303}.CD_ROM|Mixed Platforms.ActiveCfg = Release|Any CPU
		{75B3E0DF-61C3-4643-AB47-DBE1CFE3D303}.CD_ROM|Mixed Platforms.Build.0 = Release|Any CPU
		{75B3E0DF-61C3-4643-AB47-DBE1CFE3D303}.CD_ROM|x86.ActiveCfg = Release|Any CPU
		{75B3E0DF-61C3-4643-AB47-DBE1CFE3D303}.Debug|Any CPU.ActiveCfg = Debug|Any CPU
		{75B3E0DF-61C3-4643-AB47-DBE1CFE3D303}.Debug|Any CPU.Build.0 = Debug|Any CPU
		{75B3E0DF-61C3-4643-AB47-DBE1CFE3D303}.Debug|Mixed Platforms.ActiveCfg = Debug|Any CPU
		{75B3E0DF-61C3-4643-AB47-DBE1CFE3D303}.Debug|Mixed Platforms.Build.0 = Debug|Any CPU
		{75B3E0DF-61C3-4643-AB47-DBE1CFE3D303}.Debug|x86.ActiveCfg = Debug|Any CPU
		{75B3E0DF-61C3-4643-AB47-DBE1CFE3D303}.DVD-5|Any CPU.ActiveCfg = Debug|Any CPU
		{75B3E0DF-61C3-4643-AB47-DBE1CFE3D303}.DVD-5|Any CPU.Build.0 = Debug|Any CPU
		{75B3E0DF-61C3-4643-AB47-DBE1CFE3D303}.DVD-5|Mixed Platforms.ActiveCfg = Debug|Any CPU
		{75B3E0DF-61C3-4643-AB47-DBE1CFE3D303}.DVD-5|Mixed Platforms.Build.0 = Debug|Any CPU
		{75B3E0DF-61C3-4643-AB47-DBE1CFE3D303}.DVD-5|x86.ActiveCfg = Debug|Any CPU
		{75B3E0DF-61C3-4643-AB47-DBE1CFE3D303}.Release|Any CPU.ActiveCfg = Release|Any CPU
		{75B3E0DF-61C3-4643-AB47-DBE1CFE3D303}.Release|Any CPU.Build.0 = Release|Any CPU
		{75B3E0DF-61C3-4643-AB47-DBE1CFE3D303}.Release|Mixed Platforms.ActiveCfg = Release|Any CPU
		{75B3E0DF-61C3-4643-AB47-DBE1CFE3D303}.Release|Mixed Platforms.Build.0 = Release|Any CPU
		{75B3E0DF-61C3-4643-AB47-DBE1CFE3D303}.Release|x86.ActiveCfg = Release|Any CPU
		{75B3E0DF-61C3-4643-AB47-DBE1CFE3D303}.SingleImage|Any CPU.ActiveCfg = Release|Any CPU
		{75B3E0DF-61C3-4643-AB47-DBE1CFE3D303}.SingleImage|Any CPU.Build.0 = Release|Any CPU
		{75B3E0DF-61C3-4643-AB47-DBE1CFE3D303}.SingleImage|Mixed Platforms.ActiveCfg = Release|Any CPU
		{75B3E0DF-61C3-4643-AB47-DBE1CFE3D303}.SingleImage|Mixed Platforms.Build.0 = Release|Any CPU
		{75B3E0DF-61C3-4643-AB47-DBE1CFE3D303}.SingleImage|x86.ActiveCfg = Release|Any CPU
		{C152BA21-5992-4BF1-ACA3-FCCC80D5FD52}.CD_ROM|Any CPU.ActiveCfg = Release|Any CPU
		{C152BA21-5992-4BF1-ACA3-FCCC80D5FD52}.CD_ROM|Any CPU.Build.0 = Release|Any CPU
		{C152BA21-5992-4BF1-ACA3-FCCC80D5FD52}.CD_ROM|Mixed Platforms.ActiveCfg = Release|Any CPU
		{C152BA21-5992-4BF1-ACA3-FCCC80D5FD52}.CD_ROM|Mixed Platforms.Build.0 = Release|Any CPU
		{C152BA21-5992-4BF1-ACA3-FCCC80D5FD52}.CD_ROM|x86.ActiveCfg = Release|Any CPU
		{C152BA21-5992-4BF1-ACA3-FCCC80D5FD52}.Debug|Any CPU.ActiveCfg = Debug|Any CPU
		{C152BA21-5992-4BF1-ACA3-FCCC80D5FD52}.Debug|Any CPU.Build.0 = Debug|Any CPU
		{C152BA21-5992-4BF1-ACA3-FCCC80D5FD52}.Debug|Mixed Platforms.ActiveCfg = Debug|Any CPU
		{C152BA21-5992-4BF1-ACA3-FCCC80D5FD52}.Debug|Mixed Platforms.Build.0 = Debug|Any CPU
		{C152BA21-5992-4BF1-ACA3-FCCC80D5FD52}.Debug|x86.ActiveCfg = Debug|Any CPU
		{C152BA21-5992-4BF1-ACA3-FCCC80D5FD52}.DVD-5|Any CPU.ActiveCfg = Debug|Any CPU
		{C152BA21-5992-4BF1-ACA3-FCCC80D5FD52}.DVD-5|Any CPU.Build.0 = Debug|Any CPU
		{C152BA21-5992-4BF1-ACA3-FCCC80D5FD52}.DVD-5|Mixed Platforms.ActiveCfg = Debug|Any CPU
		{C152BA21-5992-4BF1-ACA3-FCCC80D5FD52}.DVD-5|Mixed Platforms.Build.0 = Debug|Any CPU
		{C152BA21-5992-4BF1-ACA3-FCCC80D5FD52}.DVD-5|x86.ActiveCfg = Debug|Any CPU
		{C152BA21-5992-4BF1-ACA3-FCCC80D5FD52}.Release|Any CPU.ActiveCfg = Release|Any CPU
		{C152BA21-5992-4BF1-ACA3-FCCC80D5FD52}.Release|Any CPU.Build.0 = Release|Any CPU
		{C152BA21-5992-4BF1-ACA3-FCCC80D5FD52}.Release|Mixed Platforms.ActiveCfg = Release|Any CPU
		{C152BA21-5992-4BF1-ACA3-FCCC80D5FD52}.Release|Mixed Platforms.Build.0 = Release|Any CPU
		{C152BA21-5992-4BF1-ACA3-FCCC80D5FD52}.Release|x86.ActiveCfg = Release|Any CPU
		{C152BA21-5992-4BF1-ACA3-FCCC80D5FD52}.SingleImage|Any CPU.ActiveCfg = Release|Any CPU
		{C152BA21-5992-4BF1-ACA3-FCCC80D5FD52}.SingleImage|Any CPU.Build.0 = Release|Any CPU
		{C152BA21-5992-4BF1-ACA3-FCCC80D5FD52}.SingleImage|Mixed Platforms.ActiveCfg = Release|Any CPU
		{C152BA21-5992-4BF1-ACA3-FCCC80D5FD52}.SingleImage|Mixed Platforms.Build.0 = Release|Any CPU
		{C152BA21-5992-4BF1-ACA3-FCCC80D5FD52}.SingleImage|x86.ActiveCfg = Release|Any CPU
		{3F44DFAC-628C-4614-A3B5-F3AEFF3D5A66}.CD_ROM|Any CPU.ActiveCfg = Release|Any CPU
		{3F44DFAC-628C-4614-A3B5-F3AEFF3D5A66}.CD_ROM|Any CPU.Build.0 = Release|Any CPU
		{3F44DFAC-628C-4614-A3B5-F3AEFF3D5A66}.CD_ROM|Mixed Platforms.ActiveCfg = Release|Any CPU
		{3F44DFAC-628C-4614-A3B5-F3AEFF3D5A66}.CD_ROM|Mixed Platforms.Build.0 = Release|Any CPU
		{3F44DFAC-628C-4614-A3B5-F3AEFF3D5A66}.CD_ROM|x86.ActiveCfg = Release|Any CPU
		{3F44DFAC-628C-4614-A3B5-F3AEFF3D5A66}.Debug|Any CPU.ActiveCfg = Debug|Any CPU
		{3F44DFAC-628C-4614-A3B5-F3AEFF3D5A66}.Debug|Any CPU.Build.0 = Debug|Any CPU
		{3F44DFAC-628C-4614-A3B5-F3AEFF3D5A66}.Debug|Mixed Platforms.ActiveCfg = Debug|Any CPU
		{3F44DFAC-628C-4614-A3B5-F3AEFF3D5A66}.Debug|Mixed Platforms.Build.0 = Debug|Any CPU
		{3F44DFAC-628C-4614-A3B5-F3AEFF3D5A66}.Debug|x86.ActiveCfg = Debug|Any CPU
		{3F44DFAC-628C-4614-A3B5-F3AEFF3D5A66}.DVD-5|Any CPU.ActiveCfg = Debug|Any CPU
		{3F44DFAC-628C-4614-A3B5-F3AEFF3D5A66}.DVD-5|Any CPU.Build.0 = Debug|Any CPU
		{3F44DFAC-628C-4614-A3B5-F3AEFF3D5A66}.DVD-5|Mixed Platforms.ActiveCfg = Debug|Any CPU
		{3F44DFAC-628C-4614-A3B5-F3AEFF3D5A66}.DVD-5|Mixed Platforms.Build.0 = Debug|Any CPU
		{3F44DFAC-628C-4614-A3B5-F3AEFF3D5A66}.DVD-5|x86.ActiveCfg = Debug|Any CPU
		{3F44DFAC-628C-4614-A3B5-F3AEFF3D5A66}.Release|Any CPU.ActiveCfg = Release|Any CPU
		{3F44DFAC-628C-4614-A3B5-F3AEFF3D5A66}.Release|Any CPU.Build.0 = Release|Any CPU
		{3F44DFAC-628C-4614-A3B5-F3AEFF3D5A66}.Release|Mixed Platforms.ActiveCfg = Release|Any CPU
		{3F44DFAC-628C-4614-A3B5-F3AEFF3D5A66}.Release|Mixed Platforms.Build.0 = Release|Any CPU
		{3F44DFAC-628C-4614-A3B5-F3AEFF3D5A66}.Release|x86.ActiveCfg = Release|Any CPU
		{3F44DFAC-628C-4614-A3B5-F3AEFF3D5A66}.SingleImage|Any CPU.ActiveCfg = Release|Any CPU
		{3F44DFAC-628C-4614-A3B5-F3AEFF3D5A66}.SingleImage|Any CPU.Build.0 = Release|Any CPU
		{3F44DFAC-628C-4614-A3B5-F3AEFF3D5A66}.SingleImage|Mixed Platforms.ActiveCfg = Release|Any CPU
		{3F44DFAC-628C-4614-A3B5-F3AEFF3D5A66}.SingleImage|Mixed Platforms.Build.0 = Release|Any CPU
		{3F44DFAC-628C-4614-A3B5-F3AEFF3D5A66}.SingleImage|x86.ActiveCfg = Release|Any CPU
		{70BDC18F-8707-42B2-A828-A804838CF467}.CD_ROM|Any CPU.ActiveCfg = Release|Any CPU
		{70BDC18F-8707-42B2-A828-A804838CF467}.CD_ROM|Any CPU.Build.0 = Release|Any CPU
		{70BDC18F-8707-42B2-A828-A804838CF467}.CD_ROM|Mixed Platforms.ActiveCfg = Release|Any CPU
		{70BDC18F-8707-42B2-A828-A804838CF467}.CD_ROM|Mixed Platforms.Build.0 = Release|Any CPU
		{70BDC18F-8707-42B2-A828-A804838CF467}.CD_ROM|x86.ActiveCfg = Release|Any CPU
		{70BDC18F-8707-42B2-A828-A804838CF467}.Debug|Any CPU.ActiveCfg = Debug|Any CPU
		{70BDC18F-8707-42B2-A828-A804838CF467}.Debug|Any CPU.Build.0 = Debug|Any CPU
		{70BDC18F-8707-42B2-A828-A804838CF467}.Debug|Mixed Platforms.ActiveCfg = Debug|Any CPU
		{70BDC18F-8707-42B2-A828-A804838CF467}.Debug|Mixed Platforms.Build.0 = Debug|Any CPU
		{70BDC18F-8707-42B2-A828-A804838CF467}.Debug|x86.ActiveCfg = Debug|Any CPU
		{70BDC18F-8707-42B2-A828-A804838CF467}.DVD-5|Any CPU.ActiveCfg = Debug|Any CPU
		{70BDC18F-8707-42B2-A828-A804838CF467}.DVD-5|Any CPU.Build.0 = Debug|Any CPU
		{70BDC18F-8707-42B2-A828-A804838CF467}.DVD-5|Mixed Platforms.ActiveCfg = Debug|Any CPU
		{70BDC18F-8707-42B2-A828-A804838CF467}.DVD-5|Mixed Platforms.Build.0 = Debug|Any CPU
		{70BDC18F-8707-42B2-A828-A804838CF467}.DVD-5|x86.ActiveCfg = Debug|Any CPU
		{70BDC18F-8707-42B2-A828-A804838CF467}.Release|Any CPU.ActiveCfg = Release|Any CPU
		{70BDC18F-8707-42B2-A828-A804838CF467}.Release|Any CPU.Build.0 = Release|Any CPU
		{70BDC18F-8707-42B2-A828-A804838CF467}.Release|Mixed Platforms.ActiveCfg = Release|Any CPU
		{70BDC18F-8707-42B2-A828-A804838CF467}.Release|Mixed Platforms.Build.0 = Release|Any CPU
		{70BDC18F-8707-42B2-A828-A804838CF467}.Release|x86.ActiveCfg = Release|Any CPU
		{70BDC18F-8707-42B2-A828-A804838CF467}.SingleImage|Any CPU.ActiveCfg = Release|Any CPU
		{70BDC18F-8707-42B2-A828-A804838CF467}.SingleImage|Any CPU.Build.0 = Release|Any CPU
		{70BDC18F-8707-42B2-A828-A804838CF467}.SingleImage|Mixed Platforms.ActiveCfg = Release|Any CPU
		{70BDC18F-8707-42B2-A828-A804838CF467}.SingleImage|Mixed Platforms.Build.0 = Release|Any CPU
		{70BDC18F-8707-42B2-A828-A804838CF467}.SingleImage|x86.ActiveCfg = Release|Any CPU
		{2425A2FA-251E-40EB-BEE7-E38E962C33D3}.CD_ROM|Any CPU.ActiveCfg = Release|Any CPU
		{2425A2FA-251E-40EB-BEE7-E38E962C33D3}.CD_ROM|Any CPU.Build.0 = Release|Any CPU
		{2425A2FA-251E-40EB-BEE7-E38E962C33D3}.CD_ROM|Mixed Platforms.ActiveCfg = Release|Any CPU
		{2425A2FA-251E-40EB-BEE7-E38E962C33D3}.CD_ROM|Mixed Platforms.Build.0 = Release|Any CPU
		{2425A2FA-251E-40EB-BEE7-E38E962C33D3}.CD_ROM|x86.ActiveCfg = Release|Any CPU
		{2425A2FA-251E-40EB-BEE7-E38E962C33D3}.Debug|Any CPU.ActiveCfg = Debug|Any CPU
		{2425A2FA-251E-40EB-BEE7-E38E962C33D3}.Debug|Any CPU.Build.0 = Debug|Any CPU
		{2425A2FA-251E-40EB-BEE7-E38E962C33D3}.Debug|Mixed Platforms.ActiveCfg = Debug|Any CPU
		{2425A2FA-251E-40EB-BEE7-E38E962C33D3}.Debug|Mixed Platforms.Build.0 = Debug|Any CPU
		{2425A2FA-251E-40EB-BEE7-E38E962C33D3}.Debug|x86.ActiveCfg = Debug|Any CPU
		{2425A2FA-251E-40EB-BEE7-E38E962C33D3}.DVD-5|Any CPU.ActiveCfg = Debug|Any CPU
		{2425A2FA-251E-40EB-BEE7-E38E962C33D3}.DVD-5|Any CPU.Build.0 = Debug|Any CPU
		{2425A2FA-251E-40EB-BEE7-E38E962C33D3}.DVD-5|Mixed Platforms.ActiveCfg = Debug|Any CPU
		{2425A2FA-251E-40EB-BEE7-E38E962C33D3}.DVD-5|Mixed Platforms.Build.0 = Debug|Any CPU
		{2425A2FA-251E-40EB-BEE7-E38E962C33D3}.DVD-5|x86.ActiveCfg = Debug|Any CPU
		{2425A2FA-251E-40EB-BEE7-E38E962C33D3}.Release|Any CPU.ActiveCfg = Release|Any CPU
		{2425A2FA-251E-40EB-BEE7-E38E962C33D3}.Release|Any CPU.Build.0 = Release|Any CPU
		{2425A2FA-251E-40EB-BEE7-E38E962C33D3}.Release|Mixed Platforms.ActiveCfg = Release|Any CPU
		{2425A2FA-251E-40EB-BEE7-E38E962C33D3}.Release|Mixed Platforms.Build.0 = Release|Any CPU
		{2425A2FA-251E-40EB-BEE7-E38E962C33D3}.Release|x86.ActiveCfg = Release|Any CPU
		{2425A2FA-251E-40EB-BEE7-E38E962C33D3}.SingleImage|Any CPU.ActiveCfg = Release|Any CPU
		{2425A2FA-251E-40EB-BEE7-E38E962C33D3}.SingleImage|Any CPU.Build.0 = Release|Any CPU
		{2425A2FA-251E-40EB-BEE7-E38E962C33D3}.SingleImage|Mixed Platforms.ActiveCfg = Release|Any CPU
		{2425A2FA-251E-40EB-BEE7-E38E962C33D3}.SingleImage|Mixed Platforms.Build.0 = Release|Any CPU
		{2425A2FA-251E-40EB-BEE7-E38E962C33D3}.SingleImage|x86.ActiveCfg = Release|Any CPU
		{CC467136-D983-4755-85B8-E736BAA7A98B}.CD_ROM|Any CPU.ActiveCfg = Release|Any CPU
		{CC467136-D983-4755-85B8-E736BAA7A98B}.CD_ROM|Any CPU.Build.0 = Release|Any CPU
		{CC467136-D983-4755-85B8-E736BAA7A98B}.CD_ROM|Mixed Platforms.ActiveCfg = Release|Any CPU
		{CC467136-D983-4755-85B8-E736BAA7A98B}.CD_ROM|Mixed Platforms.Build.0 = Release|Any CPU
		{CC467136-D983-4755-85B8-E736BAA7A98B}.CD_ROM|x86.ActiveCfg = Release|Any CPU
		{CC467136-D983-4755-85B8-E736BAA7A98B}.Debug|Any CPU.ActiveCfg = Debug|Any CPU
		{CC467136-D983-4755-85B8-E736BAA7A98B}.Debug|Any CPU.Build.0 = Debug|Any CPU
		{CC467136-D983-4755-85B8-E736BAA7A98B}.Debug|Mixed Platforms.ActiveCfg = Debug|Any CPU
		{CC467136-D983-4755-85B8-E736BAA7A98B}.Debug|Mixed Platforms.Build.0 = Debug|Any CPU
		{CC467136-D983-4755-85B8-E736BAA7A98B}.Debug|x86.ActiveCfg = Debug|Any CPU
		{CC467136-D983-4755-85B8-E736BAA7A98B}.DVD-5|Any CPU.ActiveCfg = Debug|Any CPU
		{CC467136-D983-4755-85B8-E736BAA7A98B}.DVD-5|Any CPU.Build.0 = Debug|Any CPU
		{CC467136-D983-4755-85B8-E736BAA7A98B}.DVD-5|Mixed Platforms.ActiveCfg = Debug|Any CPU
		{CC467136-D983-4755-85B8-E736BAA7A98B}.DVD-5|Mixed Platforms.Build.0 = Debug|Any CPU
		{CC467136-D983-4755-85B8-E736BAA7A98B}.DVD-5|x86.ActiveCfg = Debug|Any CPU
		{CC467136-D983-4755-85B8-E736BAA7A98B}.Release|Any CPU.ActiveCfg = Release|Any CPU
		{CC467136-D983-4755-85B8-E736BAA7A98B}.Release|Any CPU.Build.0 = Release|Any CPU
		{CC467136-D983-4755-85B8-E736BAA7A98B}.Release|Mixed Platforms.ActiveCfg = Release|Any CPU
		{CC467136-D983-4755-85B8-E736BAA7A98B}.Release|Mixed Platforms.Build.0 = Release|Any CPU
		{CC467136-D983-4755-85B8-E736BAA7A98B}.Release|x86.ActiveCfg = Release|Any CPU
		{CC467136-D983-4755-85B8-E736BAA7A98B}.SingleImage|Any CPU.ActiveCfg = Release|Any CPU
		{CC467136-D983-4755-85B8-E736BAA7A98B}.SingleImage|Any CPU.Build.0 = Release|Any CPU
		{CC467136-D983-4755-85B8-E736BAA7A98B}.SingleImage|Mixed Platforms.ActiveCfg = Release|Any CPU
		{CC467136-D983-4755-85B8-E736BAA7A98B}.SingleImage|Mixed Platforms.Build.0 = Release|Any CPU
		{CC467136-D983-4755-85B8-E736BAA7A98B}.SingleImage|x86.ActiveCfg = Release|Any CPU
		{86F15CD7-3F31-4E11-B19A-E6027E9BEBBB}.CD_ROM|Any CPU.ActiveCfg = Release|Any CPU
		{86F15CD7-3F31-4E11-B19A-E6027E9BEBBB}.CD_ROM|Any CPU.Build.0 = Release|Any CPU
		{86F15CD7-3F31-4E11-B19A-E6027E9BEBBB}.CD_ROM|Mixed Platforms.ActiveCfg = Release|Any CPU
		{86F15CD7-3F31-4E11-B19A-E6027E9BEBBB}.CD_ROM|Mixed Platforms.Build.0 = Release|Any CPU
		{86F15CD7-3F31-4E11-B19A-E6027E9BEBBB}.CD_ROM|x86.ActiveCfg = Release|Any CPU
		{86F15CD7-3F31-4E11-B19A-E6027E9BEBBB}.Debug|Any CPU.ActiveCfg = Debug|Any CPU
		{86F15CD7-3F31-4E11-B19A-E6027E9BEBBB}.Debug|Any CPU.Build.0 = Debug|Any CPU
		{86F15CD7-3F31-4E11-B19A-E6027E9BEBBB}.Debug|Mixed Platforms.ActiveCfg = Debug|Any CPU
		{86F15CD7-3F31-4E11-B19A-E6027E9BEBBB}.Debug|Mixed Platforms.Build.0 = Debug|Any CPU
		{86F15CD7-3F31-4E11-B19A-E6027E9BEBBB}.Debug|x86.ActiveCfg = Debug|Any CPU
		{86F15CD7-3F31-4E11-B19A-E6027E9BEBBB}.DVD-5|Any CPU.ActiveCfg = Debug|Any CPU
		{86F15CD7-3F31-4E11-B19A-E6027E9BEBBB}.DVD-5|Any CPU.Build.0 = Debug|Any CPU
		{86F15CD7-3F31-4E11-B19A-E6027E9BEBBB}.DVD-5|Mixed Platforms.ActiveCfg = Debug|Any CPU
		{86F15CD7-3F31-4E11-B19A-E6027E9BEBBB}.DVD-5|Mixed Platforms.Build.0 = Debug|Any CPU
		{86F15CD7-3F31-4E11-B19A-E6027E9BEBBB}.DVD-5|x86.ActiveCfg = Debug|Any CPU
		{86F15CD7-3F31-4E11-B19A-E6027E9BEBBB}.Release|Any CPU.ActiveCfg = Release|Any CPU
		{86F15CD7-3F31-4E11-B19A-E6027E9BEBBB}.Release|Any CPU.Build.0 = Release|Any CPU
		{86F15CD7-3F31-4E11-B19A-E6027E9BEBBB}.Release|Mixed Platforms.ActiveCfg = Release|Any CPU
		{86F15CD7-3F31-4E11-B19A-E6027E9BEBBB}.Release|Mixed Platforms.Build.0 = Release|Any CPU
		{86F15CD7-3F31-4E11-B19A-E6027E9BEBBB}.Release|x86.ActiveCfg = Release|Any CPU
		{86F15CD7-3F31-4E11-B19A-E6027E9BEBBB}.SingleImage|Any CPU.ActiveCfg = Release|Any CPU
		{86F15CD7-3F31-4E11-B19A-E6027E9BEBBB}.SingleImage|Any CPU.Build.0 = Release|Any CPU
		{86F15CD7-3F31-4E11-B19A-E6027E9BEBBB}.SingleImage|Mixed Platforms.ActiveCfg = Release|Any CPU
		{86F15CD7-3F31-4E11-B19A-E6027E9BEBBB}.SingleImage|Mixed Platforms.Build.0 = Release|Any CPU
		{86F15CD7-3F31-4E11-B19A-E6027E9BEBBB}.SingleImage|x86.ActiveCfg = Release|Any CPU
		{B33211F0-018B-4344-9882-6F239791B135}.CD_ROM|Any CPU.ActiveCfg = Release|Any CPU
		{B33211F0-018B-4344-9882-6F239791B135}.CD_ROM|Any CPU.Build.0 = Release|Any CPU
		{B33211F0-018B-4344-9882-6F239791B135}.CD_ROM|Mixed Platforms.ActiveCfg = Release|Any CPU
		{B33211F0-018B-4344-9882-6F239791B135}.CD_ROM|Mixed Platforms.Build.0 = Release|Any CPU
		{B33211F0-018B-4344-9882-6F239791B135}.CD_ROM|x86.ActiveCfg = Release|Any CPU
		{B33211F0-018B-4344-9882-6F239791B135}.Debug|Any CPU.ActiveCfg = Debug|Any CPU
		{B33211F0-018B-4344-9882-6F239791B135}.Debug|Any CPU.Build.0 = Debug|Any CPU
		{B33211F0-018B-4344-9882-6F239791B135}.Debug|Mixed Platforms.ActiveCfg = Debug|Any CPU
		{B33211F0-018B-4344-9882-6F239791B135}.Debug|Mixed Platforms.Build.0 = Debug|Any CPU
		{B33211F0-018B-4344-9882-6F239791B135}.Debug|x86.ActiveCfg = Debug|Any CPU
		{B33211F0-018B-4344-9882-6F239791B135}.DVD-5|Any CPU.ActiveCfg = Debug|Any CPU
		{B33211F0-018B-4344-9882-6F239791B135}.DVD-5|Any CPU.Build.0 = Debug|Any CPU
		{B33211F0-018B-4344-9882-6F239791B135}.DVD-5|Mixed Platforms.ActiveCfg = Debug|Any CPU
		{B33211F0-018B-4344-9882-6F239791B135}.DVD-5|Mixed Platforms.Build.0 = Debug|Any CPU
		{B33211F0-018B-4344-9882-6F239791B135}.DVD-5|x86.ActiveCfg = Debug|Any CPU
		{B33211F0-018B-4344-9882-6F239791B135}.Release|Any CPU.ActiveCfg = Release|Any CPU
		{B33211F0-018B-4344-9882-6F239791B135}.Release|Any CPU.Build.0 = Release|Any CPU
		{B33211F0-018B-4344-9882-6F239791B135}.Release|Mixed Platforms.ActiveCfg = Release|Any CPU
		{B33211F0-018B-4344-9882-6F239791B135}.Release|Mixed Platforms.Build.0 = Release|Any CPU
		{B33211F0-018B-4344-9882-6F239791B135}.Release|x86.ActiveCfg = Release|Any CPU
		{B33211F0-018B-4344-9882-6F239791B135}.SingleImage|Any CPU.ActiveCfg = Release|Any CPU
		{B33211F0-018B-4344-9882-6F239791B135}.SingleImage|Any CPU.Build.0 = Release|Any CPU
		{B33211F0-018B-4344-9882-6F239791B135}.SingleImage|Mixed Platforms.ActiveCfg = Release|Any CPU
		{B33211F0-018B-4344-9882-6F239791B135}.SingleImage|Mixed Platforms.Build.0 = Release|Any CPU
		{B33211F0-018B-4344-9882-6F239791B135}.SingleImage|x86.ActiveCfg = Release|Any CPU
	EndGlobalSection
	GlobalSection(SolutionProperties) = preSolution
		HideSolutionNode = FALSE
	EndGlobalSection
EndGlobal
